// !$*UTF8*$!
{
	archiveVersion = 1;
	classes = {
	};
	objectVersion = 55;
	objects = {

/* Begin PBXBuildFile section */
		8196822D7CC4780FD97D87FC /* Pods_ZemogaTest.framework in Frameworks */ = {isa = PBXBuildFile; fileRef = 5237EC9C8D871344E762759F /* Pods_ZemogaTest.framework */; };
		A7DBCC6F55C0DD05F1D0281C /* Pods_ZemogaTestTests.framework in Frameworks */ = {isa = PBXBuildFile; fileRef = F1005643AECDAC520A97BC2B /* Pods_ZemogaTestTests.framework */; };
		BE92F186281C416200A784EC /* AppDelegate.swift in Sources */ = {isa = PBXBuildFile; fileRef = BE92F185281C416200A784EC /* AppDelegate.swift */; };
		BE92F188281C416200A784EC /* SceneDelegate.swift in Sources */ = {isa = PBXBuildFile; fileRef = BE92F187281C416200A784EC /* SceneDelegate.swift */; };
		BE92F18D281C416300A784EC /* Main.storyboard in Resources */ = {isa = PBXBuildFile; fileRef = BE92F18B281C416300A784EC /* Main.storyboard */; };
		BE92F18F281C416500A784EC /* Assets.xcassets in Resources */ = {isa = PBXBuildFile; fileRef = BE92F18E281C416500A784EC /* Assets.xcassets */; };
		BE92F192281C416500A784EC /* LaunchScreen.storyboard in Resources */ = {isa = PBXBuildFile; fileRef = BE92F190281C416500A784EC /* LaunchScreen.storyboard */; };
		BE92F19D281C416600A784EC /* ZemogaTestTests.swift in Sources */ = {isa = PBXBuildFile; fileRef = BE92F19C281C416600A784EC /* ZemogaTestTests.swift */; };
		BE92F1A7281C416600A784EC /* ZemogaTestUITests.swift in Sources */ = {isa = PBXBuildFile; fileRef = BE92F1A6281C416600A784EC /* ZemogaTestUITests.swift */; };
		BE92F1A9281C416600A784EC /* ZemogaTestUITestsLaunchTests.swift in Sources */ = {isa = PBXBuildFile; fileRef = BE92F1A8281C416600A784EC /* ZemogaTestUITestsLaunchTests.swift */; };
		BE92F1C4281C760800A784EC /* Post.swift in Sources */ = {isa = PBXBuildFile; fileRef = BE92F1C3281C760800A784EC /* Post.swift */; };
		BE92F1C6281C761A00A784EC /* Comment.swift in Sources */ = {isa = PBXBuildFile; fileRef = BE92F1C5281C761A00A784EC /* Comment.swift */; };
		BE92F1C8281C762500A784EC /* User.swift in Sources */ = {isa = PBXBuildFile; fileRef = BE92F1C7281C762500A784EC /* User.swift */; };
		BE92F1CA281C93A500A784EC /* NetworkManager.swift in Sources */ = {isa = PBXBuildFile; fileRef = BE92F1C9281C93A500A784EC /* NetworkManager.swift */; };
		BE92F1CC281C93C700A784EC /* API.swift in Sources */ = {isa = PBXBuildFile; fileRef = BE92F1CB281C93C700A784EC /* API.swift */; };
		BE92F1CE281CD36600A784EC /* RealmHelper.swift in Sources */ = {isa = PBXBuildFile; fileRef = BE92F1CD281CD36600A784EC /* RealmHelper.swift */; };
		BE92F1D4281CFB2100A784EC /* PostViewModel.swift in Sources */ = {isa = PBXBuildFile; fileRef = BE92F1D3281CFB2100A784EC /* PostViewModel.swift */; };
		BE92F1D6281CFB3300A784EC /* PostCell.swift in Sources */ = {isa = PBXBuildFile; fileRef = BE92F1D5281CFB3300A784EC /* PostCell.swift */; };
		BE9675FE2821FD04006D435A /* PostsViewModel.swift in Sources */ = {isa = PBXBuildFile; fileRef = BE9675FD2821FD04006D435A /* PostsViewModel.swift */; };
		C9177116AE325A0998C82DF9 /* Pods_ZemogaTestUITests.framework in Frameworks */ = {isa = PBXBuildFile; fileRef = DB2449707CB51E5F9258AB6D /* Pods_ZemogaTestUITests.framework */; };
/* End PBXBuildFile section */

/* Begin PBXContainerItemProxy section */
		BE92F199281C416600A784EC /* PBXContainerItemProxy */ = {
			isa = PBXContainerItemProxy;
			containerPortal = BE92F17A281C416200A784EC /* Project object */;
			proxyType = 1;
			remoteGlobalIDString = BE92F181281C416200A784EC;
			remoteInfo = ZemogaTest;
		};
		BE92F1A3281C416600A784EC /* PBXContainerItemProxy */ = {
			isa = PBXContainerItemProxy;
			containerPortal = BE92F17A281C416200A784EC /* Project object */;
			proxyType = 1;
			remoteGlobalIDString = BE92F181281C416200A784EC;
			remoteInfo = ZemogaTest;
		};
/* End PBXContainerItemProxy section */

/* Begin PBXFileReference section */
		0AA6C4E4FBFC9F75054B1F71 /* Pods-ZemogaTestUITests.release.xcconfig */ = {isa = PBXFileReference; includeInIndex = 1; lastKnownFileType = text.xcconfig; name = "Pods-ZemogaTestUITests.release.xcconfig"; path = "Target Support Files/Pods-ZemogaTestUITests/Pods-ZemogaTestUITests.release.xcconfig"; sourceTree = "<group>"; };
		219990BF426AD37E7C97BE32 /* Pods-ZemogaTestUITests.debug.xcconfig */ = {isa = PBXFileReference; includeInIndex = 1; lastKnownFileType = text.xcconfig; name = "Pods-ZemogaTestUITests.debug.xcconfig"; path = "Target Support Files/Pods-ZemogaTestUITests/Pods-ZemogaTestUITests.debug.xcconfig"; sourceTree = "<group>"; };
		21A989C84666C22422C1125B /* Pods-ZemogaTest.debug.xcconfig */ = {isa = PBXFileReference; includeInIndex = 1; lastKnownFileType = text.xcconfig; name = "Pods-ZemogaTest.debug.xcconfig"; path = "Target Support Files/Pods-ZemogaTest/Pods-ZemogaTest.debug.xcconfig"; sourceTree = "<group>"; };
		5237EC9C8D871344E762759F /* Pods_ZemogaTest.framework */ = {isa = PBXFileReference; explicitFileType = wrapper.framework; includeInIndex = 0; path = Pods_ZemogaTest.framework; sourceTree = BUILT_PRODUCTS_DIR; };
		756BBA0FE120F3D0DF75EECF /* Pods-ZemogaTest.release.xcconfig */ = {isa = PBXFileReference; includeInIndex = 1; lastKnownFileType = text.xcconfig; name = "Pods-ZemogaTest.release.xcconfig"; path = "Target Support Files/Pods-ZemogaTest/Pods-ZemogaTest.release.xcconfig"; sourceTree = "<group>"; };
		8F5A676BD7B700B3315956A9 /* Pods-ZemogaTestTests.release.xcconfig */ = {isa = PBXFileReference; includeInIndex = 1; lastKnownFileType = text.xcconfig; name = "Pods-ZemogaTestTests.release.xcconfig"; path = "Target Support Files/Pods-ZemogaTestTests/Pods-ZemogaTestTests.release.xcconfig"; sourceTree = "<group>"; };
		9555352451015B35090CDF57 /* Pods-ZemogaTestTests.debug.xcconfig */ = {isa = PBXFileReference; includeInIndex = 1; lastKnownFileType = text.xcconfig; name = "Pods-ZemogaTestTests.debug.xcconfig"; path = "Target Support Files/Pods-ZemogaTestTests/Pods-ZemogaTestTests.debug.xcconfig"; sourceTree = "<group>"; };
		BE92F182281C416200A784EC /* ZemogaTest.app */ = {isa = PBXFileReference; explicitFileType = wrapper.application; includeInIndex = 0; path = ZemogaTest.app; sourceTree = BUILT_PRODUCTS_DIR; };
		BE92F185281C416200A784EC /* AppDelegate.swift */ = {isa = PBXFileReference; lastKnownFileType = sourcecode.swift; path = AppDelegate.swift; sourceTree = "<group>"; };
		BE92F187281C416200A784EC /* SceneDelegate.swift */ = {isa = PBXFileReference; lastKnownFileType = sourcecode.swift; path = SceneDelegate.swift; sourceTree = "<group>"; };
		BE92F18C281C416300A784EC /* Base */ = {isa = PBXFileReference; lastKnownFileType = file.storyboard; name = Base; path = Base.lproj/Main.storyboard; sourceTree = "<group>"; };
		BE92F18E281C416500A784EC /* Assets.xcassets */ = {isa = PBXFileReference; lastKnownFileType = folder.assetcatalog; path = Assets.xcassets; sourceTree = "<group>"; };
		BE92F191281C416500A784EC /* Base */ = {isa = PBXFileReference; lastKnownFileType = file.storyboard; name = Base; path = Base.lproj/LaunchScreen.storyboard; sourceTree = "<group>"; };
		BE92F193281C416500A784EC /* Info.plist */ = {isa = PBXFileReference; lastKnownFileType = text.plist.xml; path = Info.plist; sourceTree = "<group>"; };
		BE92F198281C416600A784EC /* ZemogaTestTests.xctest */ = {isa = PBXFileReference; explicitFileType = wrapper.cfbundle; includeInIndex = 0; path = ZemogaTestTests.xctest; sourceTree = BUILT_PRODUCTS_DIR; };
		BE92F19C281C416600A784EC /* ZemogaTestTests.swift */ = {isa = PBXFileReference; lastKnownFileType = sourcecode.swift; path = ZemogaTestTests.swift; sourceTree = "<group>"; };
		BE92F1A2281C416600A784EC /* ZemogaTestUITests.xctest */ = {isa = PBXFileReference; explicitFileType = wrapper.cfbundle; includeInIndex = 0; path = ZemogaTestUITests.xctest; sourceTree = BUILT_PRODUCTS_DIR; };
		BE92F1A6281C416600A784EC /* ZemogaTestUITests.swift */ = {isa = PBXFileReference; lastKnownFileType = sourcecode.swift; path = ZemogaTestUITests.swift; sourceTree = "<group>"; };
		BE92F1A8281C416600A784EC /* ZemogaTestUITestsLaunchTests.swift */ = {isa = PBXFileReference; lastKnownFileType = sourcecode.swift; path = ZemogaTestUITestsLaunchTests.swift; sourceTree = "<group>"; };
		BE92F1C3281C760800A784EC /* Post.swift */ = {isa = PBXFileReference; lastKnownFileType = sourcecode.swift; path = Post.swift; sourceTree = "<group>"; };
		BE92F1C5281C761A00A784EC /* Comment.swift */ = {isa = PBXFileReference; lastKnownFileType = sourcecode.swift; path = Comment.swift; sourceTree = "<group>"; };
		BE92F1C7281C762500A784EC /* User.swift */ = {isa = PBXFileReference; lastKnownFileType = sourcecode.swift; path = User.swift; sourceTree = "<group>"; };
		BE92F1C9281C93A500A784EC /* NetworkManager.swift */ = {isa = PBXFileReference; lastKnownFileType = sourcecode.swift; path = NetworkManager.swift; sourceTree = "<group>"; };
		BE92F1CB281C93C700A784EC /* API.swift */ = {isa = PBXFileReference; lastKnownFileType = sourcecode.swift; path = API.swift; sourceTree = "<group>"; };
		BE92F1CD281CD36600A784EC /* RealmHelper.swift */ = {isa = PBXFileReference; lastKnownFileType = sourcecode.swift; path = RealmHelper.swift; sourceTree = "<group>"; };
		BE92F1D3281CFB2100A784EC /* PostViewModel.swift */ = {isa = PBXFileReference; lastKnownFileType = sourcecode.swift; path = PostViewModel.swift; sourceTree = "<group>"; };
		BE92F1D5281CFB3300A784EC /* PostCell.swift */ = {isa = PBXFileReference; lastKnownFileType = sourcecode.swift; path = PostCell.swift; sourceTree = "<group>"; };
		BE9675FD2821FD04006D435A /* PostsViewModel.swift */ = {isa = PBXFileReference; lastKnownFileType = sourcecode.swift; path = PostsViewModel.swift; sourceTree = "<group>"; };
		DB2449707CB51E5F9258AB6D /* Pods_ZemogaTestUITests.framework */ = {isa = PBXFileReference; explicitFileType = wrapper.framework; includeInIndex = 0; path = Pods_ZemogaTestUITests.framework; sourceTree = BUILT_PRODUCTS_DIR; };
		F1005643AECDAC520A97BC2B /* Pods_ZemogaTestTests.framework */ = {isa = PBXFileReference; explicitFileType = wrapper.framework; includeInIndex = 0; path = Pods_ZemogaTestTests.framework; sourceTree = BUILT_PRODUCTS_DIR; };
/* End PBXFileReference section */

/* Begin PBXFrameworksBuildPhase section */
		BE92F17F281C416200A784EC /* Frameworks */ = {
			isa = PBXFrameworksBuildPhase;
			buildActionMask = 2147483647;
			files = (
				8196822D7CC4780FD97D87FC /* Pods_ZemogaTest.framework in Frameworks */,
			);
			runOnlyForDeploymentPostprocessing = 0;
		};
		BE92F195281C416600A784EC /* Frameworks */ = {
			isa = PBXFrameworksBuildPhase;
			buildActionMask = 2147483647;
			files = (
				A7DBCC6F55C0DD05F1D0281C /* Pods_ZemogaTestTests.framework in Frameworks */,
			);
			runOnlyForDeploymentPostprocessing = 0;
		};
		BE92F19F281C416600A784EC /* Frameworks */ = {
			isa = PBXFrameworksBuildPhase;
			buildActionMask = 2147483647;
			files = (
				C9177116AE325A0998C82DF9 /* Pods_ZemogaTestUITests.framework in Frameworks */,
			);
			runOnlyForDeploymentPostprocessing = 0;
		};
/* End PBXFrameworksBuildPhase section */

/* Begin PBXGroup section */
		3EE18786E5C1734960F95CCE /* Frameworks */ = {
			isa = PBXGroup;
			children = (
				5237EC9C8D871344E762759F /* Pods_ZemogaTest.framework */,
				F1005643AECDAC520A97BC2B /* Pods_ZemogaTestTests.framework */,
				DB2449707CB51E5F9258AB6D /* Pods_ZemogaTestUITests.framework */,
			);
			name = Frameworks;
			sourceTree = "<group>";
		};
		BE92F179281C416200A784EC = {
			isa = PBXGroup;
			children = (
				BE92F184281C416200A784EC /* ZemogaTest */,
				BE92F19B281C416600A784EC /* ZemogaTestTests */,
				BE92F1A5281C416600A784EC /* ZemogaTestUITests */,
				BE92F183281C416200A784EC /* Products */,
				D7BF935E6B67AAB636575A43 /* Pods */,
				3EE18786E5C1734960F95CCE /* Frameworks */,
			);
			sourceTree = "<group>";
		};
		BE92F183281C416200A784EC /* Products */ = {
			isa = PBXGroup;
			children = (
				BE92F182281C416200A784EC /* ZemogaTest.app */,
				BE92F198281C416600A784EC /* ZemogaTestTests.xctest */,
				BE92F1A2281C416600A784EC /* ZemogaTestUITests.xctest */,
			);
			name = Products;
			sourceTree = "<group>";
		};
		BE92F184281C416200A784EC /* ZemogaTest */ = {
			isa = PBXGroup;
			children = (
				BE92F1B9281C437E00A784EC /* Application */,
				BE92F1BB281C437F00A784EC /* Presentation */,
				BE92F1B5281C437E00A784EC /* Data */,
				BE92F1BA281C437E00A784EC /* Resources */,
				BE92F193281C416500A784EC /* Info.plist */,
			);
			path = ZemogaTest;
			sourceTree = "<group>";
		};
		BE92F19B281C416600A784EC /* ZemogaTestTests */ = {
			isa = PBXGroup;
			children = (
				BE92F19C281C416600A784EC /* ZemogaTestTests.swift */,
			);
			path = ZemogaTestTests;
			sourceTree = "<group>";
		};
		BE92F1A5281C416600A784EC /* ZemogaTestUITests */ = {
			isa = PBXGroup;
			children = (
				BE92F1A6281C416600A784EC /* ZemogaTestUITests.swift */,
				BE92F1A8281C416600A784EC /* ZemogaTestUITestsLaunchTests.swift */,
			);
			path = ZemogaTestUITests;
			sourceTree = "<group>";
		};
		BE92F1B5281C437E00A784EC /* Data */ = {
			isa = PBXGroup;
			children = (
				BE92F1B8281C437E00A784EC /* Models */,
				BE92F1B7281C437E00A784EC /* Network */,
				BE92F1B6281C437E00A784EC /* DataBase */,
			);
			path = Data;
			sourceTree = "<group>";
		};
		BE92F1B6281C437E00A784EC /* DataBase */ = {
			isa = PBXGroup;
			children = (
				BE92F1CD281CD36600A784EC /* RealmHelper.swift */,
			);
			path = DataBase;
			sourceTree = "<group>";
		};
		BE92F1B7281C437E00A784EC /* Network */ = {
			isa = PBXGroup;
			children = (
				BE92F1C9281C93A500A784EC /* NetworkManager.swift */,
				BE92F1CB281C93C700A784EC /* API.swift */,
			);
			path = Network;
			sourceTree = "<group>";
		};
		BE92F1B8281C437E00A784EC /* Models */ = {
			isa = PBXGroup;
			children = (
				BE92F1C3281C760800A784EC /* Post.swift */,
				BE92F1C5281C761A00A784EC /* Comment.swift */,
				BE92F1C7281C762500A784EC /* User.swift */,
			);
			path = Models;
			sourceTree = "<group>";
		};
		BE92F1B9281C437E00A784EC /* Application */ = {
			isa = PBXGroup;
			children = (
				BE92F185281C416200A784EC /* AppDelegate.swift */,
				BE92F187281C416200A784EC /* SceneDelegate.swift */,
			);
			path = Application;
			sourceTree = "<group>";
		};
		BE92F1BA281C437E00A784EC /* Resources */ = {
			isa = PBXGroup;
			children = (
				BE92F18B281C416300A784EC /* Main.storyboard */,
				BE92F190281C416500A784EC /* LaunchScreen.storyboard */,
				BE92F18E281C416500A784EC /* Assets.xcassets */,
			);
			path = Resources;
			sourceTree = "<group>";
		};
		BE92F1BB281C437F00A784EC /* Presentation */ = {
			isa = PBXGroup;
			children = (
				BE92F1BC281C437F00A784EC /* Posts */,
				BE92F1BF281C437F00A784EC /* Details */,
				BE92F1C2281C437F00A784EC /* Extensions */,
			);
			path = Presentation;
			sourceTree = "<group>";
		};
		BE92F1BC281C437F00A784EC /* Posts */ = {
			isa = PBXGroup;
			children = (
				BE92F1BD281C437F00A784EC /* ViewModel */,
				BE92F1BE281C437F00A784EC /* View */,
			);
			path = Posts;
			sourceTree = "<group>";
		};
		BE92F1BD281C437F00A784EC /* ViewModel */ = {
			isa = PBXGroup;
			children = (
				BE92F1D3281CFB2100A784EC /* PostViewModel.swift */,
				BE9675FD2821FD04006D435A /* PostsViewModel.swift */,
			);
			path = ViewModel;
			sourceTree = "<group>";
		};
		BE92F1BE281C437F00A784EC /* View */ = {
			isa = PBXGroup;
			children = (
				BE92F1D5281CFB3300A784EC /* PostCell.swift */,
			);
			path = View;
			sourceTree = "<group>";
		};
		BE92F1BF281C437F00A784EC /* Details */ = {
			isa = PBXGroup;
			children = (
				BE92F1C0281C437F00A784EC /* ViewModel */,
				BE92F1C1281C437F00A784EC /* View */,
			);
			path = Details;
			sourceTree = "<group>";
		};
		BE92F1C0281C437F00A784EC /* ViewModel */ = {
			isa = PBXGroup;
			children = (
			);
			path = ViewModel;
			sourceTree = "<group>";
		};
		BE92F1C1281C437F00A784EC /* View */ = {
			isa = PBXGroup;
			children = (
			);
			path = View;
			sourceTree = "<group>";
		};
		BE92F1C2281C437F00A784EC /* Extensions */ = {
			isa = PBXGroup;
			children = (
			);
			path = Extensions;
			sourceTree = "<group>";
		};
		D7BF935E6B67AAB636575A43 /* Pods */ = {
			isa = PBXGroup;
			children = (
				21A989C84666C22422C1125B /* Pods-ZemogaTest.debug.xcconfig */,
				756BBA0FE120F3D0DF75EECF /* Pods-ZemogaTest.release.xcconfig */,
				9555352451015B35090CDF57 /* Pods-ZemogaTestTests.debug.xcconfig */,
				8F5A676BD7B700B3315956A9 /* Pods-ZemogaTestTests.release.xcconfig */,
				219990BF426AD37E7C97BE32 /* Pods-ZemogaTestUITests.debug.xcconfig */,
				0AA6C4E4FBFC9F75054B1F71 /* Pods-ZemogaTestUITests.release.xcconfig */,
			);
			path = Pods;
			sourceTree = "<group>";
		};
/* End PBXGroup section */

/* Begin PBXNativeTarget section */
		BE92F181281C416200A784EC /* ZemogaTest */ = {
			isa = PBXNativeTarget;
			buildConfigurationList = BE92F1AC281C416600A784EC /* Build configuration list for PBXNativeTarget "ZemogaTest" */;
			buildPhases = (
				3D5ADF86650F2ECB77F89C0C /* [CP] Check Pods Manifest.lock */,
				BE92F17E281C416200A784EC /* Sources */,
				BE92F17F281C416200A784EC /* Frameworks */,
				BE92F180281C416200A784EC /* Resources */,
				37EA39CC8DD4324BAE9FD223 /* [CP] Embed Pods Frameworks */,
			);
			buildRules = (
			);
			dependencies = (
			);
			name = ZemogaTest;
			productName = ZemogaTest;
			productReference = BE92F182281C416200A784EC /* ZemogaTest.app */;
			productType = "com.apple.product-type.application";
		};
		BE92F197281C416600A784EC /* ZemogaTestTests */ = {
			isa = PBXNativeTarget;
			buildConfigurationList = BE92F1AF281C416600A784EC /* Build configuration list for PBXNativeTarget "ZemogaTestTests" */;
			buildPhases = (
				D2D6C5D2ACBE5F651C7E2371 /* [CP] Check Pods Manifest.lock */,
				BE92F194281C416600A784EC /* Sources */,
				BE92F195281C416600A784EC /* Frameworks */,
				BE92F196281C416600A784EC /* Resources */,
				787D788703F3C05E0A166DF1 /* [CP] Embed Pods Frameworks */,
			);
			buildRules = (
			);
			dependencies = (
				BE92F19A281C416600A784EC /* PBXTargetDependency */,
			);
			name = ZemogaTestTests;
			productName = ZemogaTestTests;
			productReference = BE92F198281C416600A784EC /* ZemogaTestTests.xctest */;
			productType = "com.apple.product-type.bundle.unit-test";
		};
		BE92F1A1281C416600A784EC /* ZemogaTestUITests */ = {
			isa = PBXNativeTarget;
			buildConfigurationList = BE92F1B2281C416600A784EC /* Build configuration list for PBXNativeTarget "ZemogaTestUITests" */;
			buildPhases = (
				3ED7E561B43429E2C47D70A7 /* [CP] Check Pods Manifest.lock */,
				BE92F19E281C416600A784EC /* Sources */,
				BE92F19F281C416600A784EC /* Frameworks */,
				BE92F1A0281C416600A784EC /* Resources */,
				25701E5EFC9F4708C5A1E2EC /* [CP] Embed Pods Frameworks */,
			);
			buildRules = (
			);
			dependencies = (
				BE92F1A4281C416600A784EC /* PBXTargetDependency */,
			);
			name = ZemogaTestUITests;
			productName = ZemogaTestUITests;
			productReference = BE92F1A2281C416600A784EC /* ZemogaTestUITests.xctest */;
			productType = "com.apple.product-type.bundle.ui-testing";
		};
/* End PBXNativeTarget section */

/* Begin PBXProject section */
		BE92F17A281C416200A784EC /* Project object */ = {
			isa = PBXProject;
			attributes = {
				BuildIndependentTargetsInParallel = 1;
				LastSwiftUpdateCheck = 1330;
				LastUpgradeCheck = 1330;
				TargetAttributes = {
					BE92F181281C416200A784EC = {
						CreatedOnToolsVersion = 13.3.1;
					};
					BE92F197281C416600A784EC = {
						CreatedOnToolsVersion = 13.3.1;
						TestTargetID = BE92F181281C416200A784EC;
					};
					BE92F1A1281C416600A784EC = {
						CreatedOnToolsVersion = 13.3.1;
						TestTargetID = BE92F181281C416200A784EC;
					};
				};
			};
			buildConfigurationList = BE92F17D281C416200A784EC /* Build configuration list for PBXProject "ZemogaTest" */;
			compatibilityVersion = "Xcode 13.0";
			developmentRegion = en;
			hasScannedForEncodings = 0;
			knownRegions = (
				en,
				Base,
			);
			mainGroup = BE92F179281C416200A784EC;
			productRefGroup = BE92F183281C416200A784EC /* Products */;
			projectDirPath = "";
			projectRoot = "";
			targets = (
				BE92F181281C416200A784EC /* ZemogaTest */,
				BE92F197281C416600A784EC /* ZemogaTestTests */,
				BE92F1A1281C416600A784EC /* ZemogaTestUITests */,
			);
		};
/* End PBXProject section */

/* Begin PBXResourcesBuildPhase section */
		BE92F180281C416200A784EC /* Resources */ = {
			isa = PBXResourcesBuildPhase;
			buildActionMask = 2147483647;
			files = (
				BE92F192281C416500A784EC /* LaunchScreen.storyboard in Resources */,
				BE92F18F281C416500A784EC /* Assets.xcassets in Resources */,
				BE92F18D281C416300A784EC /* Main.storyboard in Resources */,
			);
			runOnlyForDeploymentPostprocessing = 0;
		};
		BE92F196281C416600A784EC /* Resources */ = {
			isa = PBXResourcesBuildPhase;
			buildActionMask = 2147483647;
			files = (
			);
			runOnlyForDeploymentPostprocessing = 0;
		};
		BE92F1A0281C416600A784EC /* Resources */ = {
			isa = PBXResourcesBuildPhase;
			buildActionMask = 2147483647;
			files = (
			);
			runOnlyForDeploymentPostprocessing = 0;
		};
/* End PBXResourcesBuildPhase section */

/* Begin PBXShellScriptBuildPhase section */
		25701E5EFC9F4708C5A1E2EC /* [CP] Embed Pods Frameworks */ = {
			isa = PBXShellScriptBuildPhase;
			buildActionMask = 2147483647;
			files = (
			);
			inputFileListPaths = (
				"${PODS_ROOT}/Target Support Files/Pods-ZemogaTestUITests/Pods-ZemogaTestUITests-frameworks-${CONFIGURATION}-input-files.xcfilelist",
			);
			name = "[CP] Embed Pods Frameworks";
			outputFileListPaths = (
				"${PODS_ROOT}/Target Support Files/Pods-ZemogaTestUITests/Pods-ZemogaTestUITests-frameworks-${CONFIGURATION}-output-files.xcfilelist",
			);
			runOnlyForDeploymentPostprocessing = 0;
			shellPath = /bin/sh;
			shellScript = "\"${PODS_ROOT}/Target Support Files/Pods-ZemogaTestUITests/Pods-ZemogaTestUITests-frameworks.sh\"\n";
			showEnvVarsInLog = 0;
		};
		37EA39CC8DD4324BAE9FD223 /* [CP] Embed Pods Frameworks */ = {
			isa = PBXShellScriptBuildPhase;
			buildActionMask = 2147483647;
			files = (
			);
			inputFileListPaths = (
				"${PODS_ROOT}/Target Support Files/Pods-ZemogaTest/Pods-ZemogaTest-frameworks-${CONFIGURATION}-input-files.xcfilelist",
			);
			name = "[CP] Embed Pods Frameworks";
			outputFileListPaths = (
				"${PODS_ROOT}/Target Support Files/Pods-ZemogaTest/Pods-ZemogaTest-frameworks-${CONFIGURATION}-output-files.xcfilelist",
			);
			runOnlyForDeploymentPostprocessing = 0;
			shellPath = /bin/sh;
			shellScript = "\"${PODS_ROOT}/Target Support Files/Pods-ZemogaTest/Pods-ZemogaTest-frameworks.sh\"\n";
			showEnvVarsInLog = 0;
		};
		3D5ADF86650F2ECB77F89C0C /* [CP] Check Pods Manifest.lock */ = {
			isa = PBXShellScriptBuildPhase;
			buildActionMask = 2147483647;
			files = (
			);
			inputFileListPaths = (
			);
			inputPaths = (
				"${PODS_PODFILE_DIR_PATH}/Podfile.lock",
				"${PODS_ROOT}/Manifest.lock",
			);
			name = "[CP] Check Pods Manifest.lock";
			outputFileListPaths = (
			);
			outputPaths = (
				"$(DERIVED_FILE_DIR)/Pods-ZemogaTest-checkManifestLockResult.txt",
			);
			runOnlyForDeploymentPostprocessing = 0;
			shellPath = /bin/sh;
			shellScript = "diff \"${PODS_PODFILE_DIR_PATH}/Podfile.lock\" \"${PODS_ROOT}/Manifest.lock\" > /dev/null\nif [ $? != 0 ] ; then\n    # print error to STDERR\n    echo \"error: The sandbox is not in sync with the Podfile.lock. Run 'pod install' or update your CocoaPods installation.\" >&2\n    exit 1\nfi\n# This output is used by Xcode 'outputs' to avoid re-running this script phase.\necho \"SUCCESS\" > \"${SCRIPT_OUTPUT_FILE_0}\"\n";
			showEnvVarsInLog = 0;
		};
		3ED7E561B43429E2C47D70A7 /* [CP] Check Pods Manifest.lock */ = {
			isa = PBXShellScriptBuildPhase;
			buildActionMask = 2147483647;
			files = (
			);
			inputFileListPaths = (
			);
			inputPaths = (
				"${PODS_PODFILE_DIR_PATH}/Podfile.lock",
				"${PODS_ROOT}/Manifest.lock",
			);
			name = "[CP] Check Pods Manifest.lock";
			outputFileListPaths = (
			);
			outputPaths = (
				"$(DERIVED_FILE_DIR)/Pods-ZemogaTestUITests-checkManifestLockResult.txt",
			);
			runOnlyForDeploymentPostprocessing = 0;
			shellPath = /bin/sh;
			shellScript = "diff \"${PODS_PODFILE_DIR_PATH}/Podfile.lock\" \"${PODS_ROOT}/Manifest.lock\" > /dev/null\nif [ $? != 0 ] ; then\n    # print error to STDERR\n    echo \"error: The sandbox is not in sync with the Podfile.lock. Run 'pod install' or update your CocoaPods installation.\" >&2\n    exit 1\nfi\n# This output is used by Xcode 'outputs' to avoid re-running this script phase.\necho \"SUCCESS\" > \"${SCRIPT_OUTPUT_FILE_0}\"\n";
			showEnvVarsInLog = 0;
		};
		787D788703F3C05E0A166DF1 /* [CP] Embed Pods Frameworks */ = {
			isa = PBXShellScriptBuildPhase;
			buildActionMask = 2147483647;
			files = (
			);
			inputFileListPaths = (
				"${PODS_ROOT}/Target Support Files/Pods-ZemogaTestTests/Pods-ZemogaTestTests-frameworks-${CONFIGURATION}-input-files.xcfilelist",
			);
			name = "[CP] Embed Pods Frameworks";
			outputFileListPaths = (
				"${PODS_ROOT}/Target Support Files/Pods-ZemogaTestTests/Pods-ZemogaTestTests-frameworks-${CONFIGURATION}-output-files.xcfilelist",
			);
			runOnlyForDeploymentPostprocessing = 0;
			shellPath = /bin/sh;
			shellScript = "\"${PODS_ROOT}/Target Support Files/Pods-ZemogaTestTests/Pods-ZemogaTestTests-frameworks.sh\"\n";
			showEnvVarsInLog = 0;
		};
		D2D6C5D2ACBE5F651C7E2371 /* [CP] Check Pods Manifest.lock */ = {
			isa = PBXShellScriptBuildPhase;
			buildActionMask = 2147483647;
			files = (
			);
			inputFileListPaths = (
			);
			inputPaths = (
				"${PODS_PODFILE_DIR_PATH}/Podfile.lock",
				"${PODS_ROOT}/Manifest.lock",
			);
			name = "[CP] Check Pods Manifest.lock";
			outputFileListPaths = (
			);
			outputPaths = (
				"$(DERIVED_FILE_DIR)/Pods-ZemogaTestTests-checkManifestLockResult.txt",
			);
			runOnlyForDeploymentPostprocessing = 0;
			shellPath = /bin/sh;
			shellScript = "diff \"${PODS_PODFILE_DIR_PATH}/Podfile.lock\" \"${PODS_ROOT}/Manifest.lock\" > /dev/null\nif [ $? != 0 ] ; then\n    # print error to STDERR\n    echo \"error: The sandbox is not in sync with the Podfile.lock. Run 'pod install' or update your CocoaPods installation.\" >&2\n    exit 1\nfi\n# This output is used by Xcode 'outputs' to avoid re-running this script phase.\necho \"SUCCESS\" > \"${SCRIPT_OUTPUT_FILE_0}\"\n";
			showEnvVarsInLog = 0;
		};
/* End PBXShellScriptBuildPhase section */

/* Begin PBXSourcesBuildPhase section */
		BE92F17E281C416200A784EC /* Sources */ = {
			isa = PBXSourcesBuildPhase;
			buildActionMask = 2147483647;
			files = (
				BE92F1CA281C93A500A784EC /* NetworkManager.swift in Sources */,
				BE92F1C4281C760800A784EC /* Post.swift in Sources */,
				BE92F186281C416200A784EC /* AppDelegate.swift in Sources */,
				BE92F188281C416200A784EC /* SceneDelegate.swift in Sources */,
				BE92F1C8281C762500A784EC /* User.swift in Sources */,
				BE92F1CE281CD36600A784EC /* RealmHelper.swift in Sources */,
				BE92F1D4281CFB2100A784EC /* PostViewModel.swift in Sources */,
				BE9675FE2821FD04006D435A /* PostsViewModel.swift in Sources */,
				BE92F1C6281C761A00A784EC /* Comment.swift in Sources */,
				BE92F1CC281C93C700A784EC /* API.swift in Sources */,
				BE92F1D6281CFB3300A784EC /* PostCell.swift in Sources */,
			);
			runOnlyForDeploymentPostprocessing = 0;
		};
		BE92F194281C416600A784EC /* Sources */ = {
			isa = PBXSourcesBuildPhase;
			buildActionMask = 2147483647;
			files = (
				BE92F19D281C416600A784EC /* ZemogaTestTests.swift in Sources */,
			);
			runOnlyForDeploymentPostprocessing = 0;
		};
		BE92F19E281C416600A784EC /* Sources */ = {
			isa = PBXSourcesBuildPhase;
			buildActionMask = 2147483647;
			files = (
				BE92F1A7281C416600A784EC /* ZemogaTestUITests.swift in Sources */,
				BE92F1A9281C416600A784EC /* ZemogaTestUITestsLaunchTests.swift in Sources */,
			);
			runOnlyForDeploymentPostprocessing = 0;
		};
/* End PBXSourcesBuildPhase section */

/* Begin PBXTargetDependency section */
		BE92F19A281C416600A784EC /* PBXTargetDependency */ = {
			isa = PBXTargetDependency;
			target = BE92F181281C416200A784EC /* ZemogaTest */;
			targetProxy = BE92F199281C416600A784EC /* PBXContainerItemProxy */;
		};
		BE92F1A4281C416600A784EC /* PBXTargetDependency */ = {
			isa = PBXTargetDependency;
			target = BE92F181281C416200A784EC /* ZemogaTest */;
			targetProxy = BE92F1A3281C416600A784EC /* PBXContainerItemProxy */;
		};
/* End PBXTargetDependency section */

/* Begin PBXVariantGroup section */
		BE92F18B281C416300A784EC /* Main.storyboard */ = {
			isa = PBXVariantGroup;
			children = (
				BE92F18C281C416300A784EC /* Base */,
			);
			name = Main.storyboard;
			sourceTree = "<group>";
		};
		BE92F190281C416500A784EC /* LaunchScreen.storyboard */ = {
			isa = PBXVariantGroup;
			children = (
				BE92F191281C416500A784EC /* Base */,
			);
			name = LaunchScreen.storyboard;
			sourceTree = "<group>";
		};
/* End PBXVariantGroup section */

/* Begin XCBuildConfiguration section */
		BE92F1AA281C416600A784EC /* Debug */ = {
			isa = XCBuildConfiguration;
			buildSettings = {
				ALWAYS_SEARCH_USER_PATHS = NO;
				CLANG_ANALYZER_NONNULL = YES;
				CLANG_ANALYZER_NUMBER_OBJECT_CONVERSION = YES_AGGRESSIVE;
				CLANG_CXX_LANGUAGE_STANDARD = "gnu++17";
				CLANG_ENABLE_MODULES = YES;
				CLANG_ENABLE_OBJC_ARC = YES;
				CLANG_ENABLE_OBJC_WEAK = YES;
				CLANG_WARN_BLOCK_CAPTURE_AUTORELEASING = YES;
				CLANG_WARN_BOOL_CONVERSION = YES;
				CLANG_WARN_COMMA = YES;
				CLANG_WARN_CONSTANT_CONVERSION = YES;
				CLANG_WARN_DEPRECATED_OBJC_IMPLEMENTATIONS = YES;
				CLANG_WARN_DIRECT_OBJC_ISA_USAGE = YES_ERROR;
				CLANG_WARN_DOCUMENTATION_COMMENTS = YES;
				CLANG_WARN_EMPTY_BODY = YES;
				CLANG_WARN_ENUM_CONVERSION = YES;
				CLANG_WARN_INFINITE_RECURSION = YES;
				CLANG_WARN_INT_CONVERSION = YES;
				CLANG_WARN_NON_LITERAL_NULL_CONVERSION = YES;
				CLANG_WARN_OBJC_IMPLICIT_RETAIN_SELF = YES;
				CLANG_WARN_OBJC_LITERAL_CONVERSION = YES;
				CLANG_WARN_OBJC_ROOT_CLASS = YES_ERROR;
				CLANG_WARN_QUOTED_INCLUDE_IN_FRAMEWORK_HEADER = YES;
				CLANG_WARN_RANGE_LOOP_ANALYSIS = YES;
				CLANG_WARN_STRICT_PROTOTYPES = YES;
				CLANG_WARN_SUSPICIOUS_MOVE = YES;
				CLANG_WARN_UNGUARDED_AVAILABILITY = YES_AGGRESSIVE;
				CLANG_WARN_UNREACHABLE_CODE = YES;
				CLANG_WARN__DUPLICATE_METHOD_MATCH = YES;
				COPY_PHASE_STRIP = NO;
				DEBUG_INFORMATION_FORMAT = dwarf;
				ENABLE_STRICT_OBJC_MSGSEND = YES;
				ENABLE_TESTABILITY = YES;
				GCC_C_LANGUAGE_STANDARD = gnu11;
				GCC_DYNAMIC_NO_PIC = NO;
				GCC_NO_COMMON_BLOCKS = YES;
				GCC_OPTIMIZATION_LEVEL = 0;
				GCC_PREPROCESSOR_DEFINITIONS = (
					"DEBUG=1",
					"$(inherited)",
				);
				GCC_WARN_64_TO_32_BIT_CONVERSION = YES;
				GCC_WARN_ABOUT_RETURN_TYPE = YES_ERROR;
				GCC_WARN_UNDECLARED_SELECTOR = YES;
				GCC_WARN_UNINITIALIZED_AUTOS = YES_AGGRESSIVE;
				GCC_WARN_UNUSED_FUNCTION = YES;
				GCC_WARN_UNUSED_VARIABLE = YES;
				IPHONEOS_DEPLOYMENT_TARGET = 14.0;
				MTL_ENABLE_DEBUG_INFO = INCLUDE_SOURCE;
				MTL_FAST_MATH = YES;
				ONLY_ACTIVE_ARCH = YES;
				SDKROOT = iphoneos;
				SWIFT_ACTIVE_COMPILATION_CONDITIONS = DEBUG;
				SWIFT_OPTIMIZATION_LEVEL = "-Onone";
			};
			name = Debug;
		};
		BE92F1AB281C416600A784EC /* Release */ = {
			isa = XCBuildConfiguration;
			buildSettings = {
				ALWAYS_SEARCH_USER_PATHS = NO;
				CLANG_ANALYZER_NONNULL = YES;
				CLANG_ANALYZER_NUMBER_OBJECT_CONVERSION = YES_AGGRESSIVE;
				CLANG_CXX_LANGUAGE_STANDARD = "gnu++17";
				CLANG_ENABLE_MODULES = YES;
				CLANG_ENABLE_OBJC_ARC = YES;
				CLANG_ENABLE_OBJC_WEAK = YES;
				CLANG_WARN_BLOCK_CAPTURE_AUTORELEASING = YES;
				CLANG_WARN_BOOL_CONVERSION = YES;
				CLANG_WARN_COMMA = YES;
				CLANG_WARN_CONSTANT_CONVERSION = YES;
				CLANG_WARN_DEPRECATED_OBJC_IMPLEMENTATIONS = YES;
				CLANG_WARN_DIRECT_OBJC_ISA_USAGE = YES_ERROR;
				CLANG_WARN_DOCUMENTATION_COMMENTS = YES;
				CLANG_WARN_EMPTY_BODY = YES;
				CLANG_WARN_ENUM_CONVERSION = YES;
				CLANG_WARN_INFINITE_RECURSION = YES;
				CLANG_WARN_INT_CONVERSION = YES;
				CLANG_WARN_NON_LITERAL_NULL_CONVERSION = YES;
				CLANG_WARN_OBJC_IMPLICIT_RETAIN_SELF = YES;
				CLANG_WARN_OBJC_LITERAL_CONVERSION = YES;
				CLANG_WARN_OBJC_ROOT_CLASS = YES_ERROR;
				CLANG_WARN_QUOTED_INCLUDE_IN_FRAMEWORK_HEADER = YES;
				CLANG_WARN_RANGE_LOOP_ANALYSIS = YES;
				CLANG_WARN_STRICT_PROTOTYPES = YES;
				CLANG_WARN_SUSPICIOUS_MOVE = YES;
				CLANG_WARN_UNGUARDED_AVAILABILITY = YES_AGGRESSIVE;
				CLANG_WARN_UNREACHABLE_CODE = YES;
				CLANG_WARN__DUPLICATE_METHOD_MATCH = YES;
				COPY_PHASE_STRIP = NO;
				DEBUG_INFORMATION_FORMAT = "dwarf-with-dsym";
				ENABLE_NS_ASSERTIONS = NO;
				ENABLE_STRICT_OBJC_MSGSEND = YES;
				GCC_C_LANGUAGE_STANDARD = gnu11;
				GCC_NO_COMMON_BLOCKS = YES;
				GCC_WARN_64_TO_32_BIT_CONVERSION = YES;
				GCC_WARN_ABOUT_RETURN_TYPE = YES_ERROR;
				GCC_WARN_UNDECLARED_SELECTOR = YES;
				GCC_WARN_UNINITIALIZED_AUTOS = YES_AGGRESSIVE;
				GCC_WARN_UNUSED_FUNCTION = YES;
				GCC_WARN_UNUSED_VARIABLE = YES;
				IPHONEOS_DEPLOYMENT_TARGET = 14.0;
				MTL_ENABLE_DEBUG_INFO = NO;
				MTL_FAST_MATH = YES;
				SDKROOT = iphoneos;
				SWIFT_COMPILATION_MODE = wholemodule;
				SWIFT_OPTIMIZATION_LEVEL = "-O";
				VALIDATE_PRODUCT = YES;
			};
			name = Release;
		};
		BE92F1AD281C416600A784EC /* Debug */ = {
			isa = XCBuildConfiguration;
			baseConfigurationReference = 21A989C84666C22422C1125B /* Pods-ZemogaTest.debug.xcconfig */;
			buildSettings = {
				ASSETCATALOG_COMPILER_APPICON_NAME = AppIcon;
				ASSETCATALOG_COMPILER_GLOBAL_ACCENT_COLOR_NAME = AccentColor;
				CODE_SIGN_STYLE = Automatic;
				CURRENT_PROJECT_VERSION = 1;
				GENERATE_INFOPLIST_FILE = YES;
				INFOPLIST_FILE = ZemogaTest/Info.plist;
				INFOPLIST_KEY_UIApplicationSupportsIndirectInputEvents = YES;
				INFOPLIST_KEY_UILaunchStoryboardName = LaunchScreen;
				INFOPLIST_KEY_UIMainStoryboardFile = Main;
				INFOPLIST_KEY_UISupportedInterfaceOrientations_iPad = "UIInterfaceOrientationPortrait UIInterfaceOrientationPortraitUpsideDown UIInterfaceOrientationLandscapeLeft UIInterfaceOrientationLandscapeRight";
				INFOPLIST_KEY_UISupportedInterfaceOrientations_iPhone = "UIInterfaceOrientationPortrait UIInterfaceOrientationLandscapeLeft UIInterfaceOrientationLandscapeRight";
				LD_RUNPATH_SEARCH_PATHS = (
					"$(inherited)",
					"@executable_path/Frameworks",
				);
				MARKETING_VERSION = 1.0;
				PRODUCT_BUNDLE_IDENTIFIER = iOS.zemoga.ZemogaTest;
				PRODUCT_NAME = "$(TARGET_NAME)";
				SWIFT_EMIT_LOC_STRINGS = YES;
				SWIFT_VERSION = 5.0;
				TARGETED_DEVICE_FAMILY = "1,2";
			};
			name = Debug;
		};
		BE92F1AE281C416600A784EC /* Release */ = {
			isa = XCBuildConfiguration;
			baseConfigurationReference = 756BBA0FE120F3D0DF75EECF /* Pods-ZemogaTest.release.xcconfig */;
			buildSettings = {
				ASSETCATALOG_COMPILER_APPICON_NAME = AppIcon;
				ASSETCATALOG_COMPILER_GLOBAL_ACCENT_COLOR_NAME = AccentColor;
				CODE_SIGN_STYLE = Automatic;
				CURRENT_PROJECT_VERSION = 1;
				GENERATE_INFOPLIST_FILE = YES;
				INFOPLIST_FILE = ZemogaTest/Info.plist;
				INFOPLIST_KEY_UIApplicationSupportsIndirectInputEvents = YES;
				INFOPLIST_KEY_UILaunchStoryboardName = LaunchScreen;
				INFOPLIST_KEY_UIMainStoryboardFile = Main;
				INFOPLIST_KEY_UISupportedInterfaceOrientations_iPad = "UIInterfaceOrientationPortrait UIInterfaceOrientationPortraitUpsideDown UIInterfaceOrientationLandscapeLeft UIInterfaceOrientationLandscapeRight";
				INFOPLIST_KEY_UISupportedInterfaceOrientations_iPhone = "UIInterfaceOrientationPortrait UIInterfaceOrientationLandscapeLeft UIInterfaceOrientationLandscapeRight";
				LD_RUNPATH_SEARCH_PATHS = (
					"$(inherited)",
					"@executable_path/Frameworks",
				);
				MARKETING_VERSION = 1.0;
				PRODUCT_BUNDLE_IDENTIFIER = iOS.zemoga.ZemogaTest;
				PRODUCT_NAME = "$(TARGET_NAME)";
				SWIFT_EMIT_LOC_STRINGS = YES;
				SWIFT_VERSION = 5.0;
				TARGETED_DEVICE_FAMILY = "1,2";
			};
			name = Release;
		};
		BE92F1B0281C416600A784EC /* Debug */ = {
			isa = XCBuildConfiguration;
			baseConfigurationReference = 9555352451015B35090CDF57 /* Pods-ZemogaTestTests.debug.xcconfig */;
			buildSettings = {
				ALWAYS_EMBED_SWIFT_STANDARD_LIBRARIES = YES;
				BUNDLE_LOADER = "$(TEST_HOST)";
				CODE_SIGN_STYLE = Automatic;
				CURRENT_PROJECT_VERSION = 1;
				GENERATE_INFOPLIST_FILE = YES;
				IPHONEOS_DEPLOYMENT_TARGET = 15.4;
				MARKETING_VERSION = 1.0;
				PRODUCT_BUNDLE_IDENTIFIER = iOS.zemoga.ZemogaTestTests;
				PRODUCT_NAME = "$(TARGET_NAME)";
				SWIFT_EMIT_LOC_STRINGS = NO;
				SWIFT_VERSION = 5.0;
				TARGETED_DEVICE_FAMILY = "1,2";
				TEST_HOST = "$(BUILT_PRODUCTS_DIR)/ZemogaTest.app/ZemogaTest";
			};
			name = Debug;
		};
		BE92F1B1281C416600A784EC /* Release */ = {
			isa = XCBuildConfiguration;
			baseConfigurationReference = 8F5A676BD7B700B3315956A9 /* Pods-ZemogaTestTests.release.xcconfig */;
			buildSettings = {
				ALWAYS_EMBED_SWIFT_STANDARD_LIBRARIES = YES;
				BUNDLE_LOADER = "$(TEST_HOST)";
				CODE_SIGN_STYLE = Automatic;
				CURRENT_PROJECT_VERSION = 1;
				GENERATE_INFOPLIST_FILE = YES;
				IPHONEOS_DEPLOYMENT_TARGET = 15.4;
				MARKETING_VERSION = 1.0;
				PRODUCT_BUNDLE_IDENTIFIER = iOS.zemoga.ZemogaTestTests;
				PRODUCT_NAME = "$(TARGET_NAME)";
				SWIFT_EMIT_LOC_STRINGS = NO;
				SWIFT_VERSION = 5.0;
				TARGETED_DEVICE_FAMILY = "1,2";
				TEST_HOST = "$(BUILT_PRODUCTS_DIR)/ZemogaTest.app/ZemogaTest";
			};
			name = Release;
		};
		BE92F1B3281C416600A784EC /* Debug */ = {
			isa = XCBuildConfiguration;
			baseConfigurationReference = 219990BF426AD37E7C97BE32 /* Pods-ZemogaTestUITests.debug.xcconfig */;
			buildSettings = {
				ALWAYS_EMBED_SWIFT_STANDARD_LIBRARIES = YES;
				CODE_SIGN_STYLE = Automatic;
				CURRENT_PROJECT_VERSION = 1;
				GENERATE_INFOPLIST_FILE = YES;
				MARKETING_VERSION = 1.0;
				PRODUCT_BUNDLE_IDENTIFIER = iOS.zemoga.ZemogaTestUITests;
				PRODUCT_NAME = "$(TARGET_NAME)";
				SWIFT_EMIT_LOC_STRINGS = NO;
				SWIFT_VERSION = 5.0;
				TARGETED_DEVICE_FAMILY = "1,2";
				TEST_TARGET_NAME = ZemogaTest;
			};
			name = Debug;
		};
		BE92F1B4281C416600A784EC /* Release */ = {
			isa = XCBuildConfiguration;
			baseConfigurationReference = 0AA6C4E4FBFC9F75054B1F71 /* Pods-ZemogaTestUITests.release.xcconfig */;
			buildSettings = {
				ALWAYS_EMBED_SWIFT_STANDARD_LIBRARIES = YES;
				CODE_SIGN_STYLE = Automatic;
				CURRENT_PROJECT_VERSION = 1;
				GENERATE_INFOPLIST_FILE = YES;
				MARKETING_VERSION = 1.0;
				PRODUCT_BUNDLE_IDENTIFIER = iOS.zemoga.ZemogaTestUITests;
				PRODUCT_NAME = "$(TARGET_NAME)";
				SWIFT_EMIT_LOC_STRINGS = NO;
				SWIFT_VERSION = 5.0;
				TARGETED_DEVICE_FAMILY = "1,2";
				TEST_TARGET_NAME = ZemogaTest;
			};
			name = Release;
		};
/* End XCBuildConfiguration section */

/* Begin XCConfigurationList section */
		BE92F17D281C416200A784EC /* Build configuration list for PBXProject "ZemogaTest" */ = {
			isa = XCConfigurationList;
			buildConfigurations = (
				BE92F1AA281C416600A784EC /* Debug */,
				BE92F1AB281C416600A784EC /* Release */,
			);
			defaultConfigurationIsVisible = 0;
			defaultConfigurationName = Release;
		};
		BE92F1AC281C416600A784EC /* Build configuration list for PBXNativeTarget "ZemogaTest" */ = {
			isa = XCConfigurationList;
			buildConfigurations = (
				BE92F1AD281C416600A784EC /* Debug */,
				BE92F1AE281C416600A784EC /* Release */,
			);
			defaultConfigurationIsVisible = 0;
			defaultConfigurationName = Release;
		};
		BE92F1AF281C416600A784EC /* Build configuration list for PBXNativeTarget "ZemogaTestTests" */ = {
			isa = XCConfigurationList;
			buildConfigurations = (
				BE92F1B0281C416600A784EC /* Debug */,
				BE92F1B1281C416600A784EC /* Release */,
			);
			defaultConfigurationIsVisible = 0;
			defaultConfigurationName = Release;
		};
		BE92F1B2281C416600A784EC /* Build configuration list for PBXNativeTarget "ZemogaTestUITests" */ = {
			isa = XCConfigurationList;
			buildConfigurations = (
				BE92F1B3281C416600A784EC /* Debug */,
				BE92F1B4281C416600A784EC /* Release */,
			);
			defaultConfigurationIsVisible = 0;
			defaultConfigurationName = Release;
		};
/* End XCConfigurationList section */
	};
	rootObject = BE92F17A281C416200A784EC /* Project object */;
}
